
Microsoft Visual Studio Solution File, Format Version 12.00
# Visual Studio Version 16
VisualStudioVersion = 16.0.29806.167
MinimumVisualStudioVersion = 10.0.40219.1
Project("{9A19103F-16F7-4668-BE54-9A1E7A4F7556}") = "Business", "Business\Business.csproj", "{7AF3CB69-6FD1-400E-BEAA-EA419655EC57}"
EndProject
Project("{9A19103F-16F7-4668-BE54-9A1E7A4F7556}") = "Core", "Core\Core.csproj", "{213558E3-E5DB-49FA-B301-71AFE1936FE2}"
EndProject
Project("{9A19103F-16F7-4668-BE54-9A1E7A4F7556}") = "DataAccess", "DataAccess\DataAccess.csproj", "{5C84D1FA-45E0-49DD-A00D-3238791BA6CB}"
EndProject
Project("{9A19103F-16F7-4668-BE54-9A1E7A4F7556}") = "Entities", "Entities\Entities.csproj", "{10A6214C-AE0E-4627-97C7-85D32F5354DB}"
EndProject
Project("{9A19103F-16F7-4668-BE54-9A1E7A4F7556}") = "WebAPI", "WebAPI\WebAPI.csproj", "{7F2A5CC9-80F6-4B90-A150-4BB69D07B98C}"
EndProject
Global
	GlobalSection(SolutionConfigurationPlatforms) = preSolution
		Debug|Any CPU = Debug|Any CPU
		Release|Any CPU = Release|Any CPU
	EndGlobalSection
	GlobalSection(ProjectConfigurationPlatforms) = postSolution
		{7AF3CB69-6FD1-400E-BEAA-EA419655EC57}.Debug|Any CPU.ActiveCfg = Debug|Any CPU
		{7AF3CB69-6FD1-400E-BEAA-EA419655EC57}.Debug|Any CPU.Build.0 = Debug|Any CPU
		{7AF3CB69-6FD1-400E-BEAA-EA419655EC57}.Release|Any CPU.ActiveCfg = Release|Any CPU
		{7AF3CB69-6FD1-400E-BEAA-EA419655EC57}.Release|Any CPU.Build.0 = Release|Any CPU
		{213558E3-E5DB-49FA-B301-71AFE1936FE2}.Debug|Any CPU.ActiveCfg = Debug|Any CPU
		{213558E3-E5DB-49FA-B301-71AFE1936FE2}.Debug|Any CPU.Build.0 = Debug|Any CPU
		{213558E3-E5DB-49FA-B301-71AFE1936FE2}.Release|Any CPU.ActiveCfg = Release|Any CPU
		{213558E3-E5DB-49FA-B301-71AFE1936FE2}.Release|Any CPU.Build.0 = Release|Any CPU
		{5C84D1FA-45E0-49DD-A00D-3238791BA6CB}.Debug|Any CPU.ActiveCfg = Debug|Any CPU
		{5C84D1FA-45E0-49DD-A00D-3238791BA6CB}.Debug|Any CPU.Build.0 = Debug|Any CPU
		{5C84D1FA-45E0-49DD-A00D-3238791BA6CB}.Release|Any CPU.ActiveCfg = Release|Any CPU
		{5C84D1FA-45E0-49DD-A00D-3238791BA6CB}.Release|Any CPU.Build.0 = Release|Any CPU
		{10A6214C-AE0E-4627-97C7-85D32F5354DB}.Debug|Any CPU.ActiveCfg = Debug|Any CPU
		{10A6214C-AE0E-4627-97C7-85D32F5354DB}.Debug|Any CPU.Build.0 = Debug|Any CPU
		{10A6214C-AE0E-4627-97C7-85D32F5354DB}.Release|Any CPU.ActiveCfg = Release|Any CPU
		{10A6214C-AE0E-4627-97C7-85D32F5354DB}.Release|Any CPU.Build.0 = Release|Any CPU
		{7F2A5CC9-80F6-4B90-A150-4BB69D07B98C}.Debug|Any CPU.ActiveCfg = Debug|Any CPU
		{7F2A5CC9-80F6-4B90-A150-4BB69D07B98C}.Debug|Any CPU.Build.0 = Debug|Any CPU
		{7F2A5CC9-80F6-4B90-A150-4BB69D07B98C}.Release|Any CPU.ActiveCfg = Release|Any CPU
		{7F2A5CC9-80F6-4B90-A150-4BB69D07B98C}.Release|Any CPU.Build.0 = Release|Any CPU
	EndGlobalSection
	GlobalSection(SolutionProperties) = preSolution
		HideSolutionNode = FALSE
	EndGlobalSection
	GlobalSection(ExtensibilityGlobals) = postSolution
		SolutionGuid = {69080140-3849-4ECA-B954-962ED91F0DB6}
	EndGlobalSection
EndGlobal
